
Microsoft Visual Studio Solution File, Format Version 12.00
# Visual Studio 15
VisualStudioVersion = 15.0.26124.0
MinimumVisualStudioVersion = 15.0.26124.0
Project("{FAE04EC0-301F-11D3-BF4B-00C04F79EFBC}") = "Domain", "Domain\Domain.csproj", "{964A7AB2-790A-4E7B-ACE1-FCF4CEC30EAF}"
EndProject
Project("{FAE04EC0-301F-11D3-BF4B-00C04F79EFBC}") = "Application", "Application\Application.csproj", "{7DF078A7-2D86-4243-9A23-15FD9E809C5C}"
EndProject
Project("{FAE04EC0-301F-11D3-BF4B-00C04F79EFBC}") = "Persistence", "Persistence\Persistence.csproj", "{8BC92C1D-C046-412F-9467-EB846565836E}"
EndProject
Project("{FAE04EC0-301F-11D3-BF4B-00C04F79EFBC}") = "API", "API\API.csproj", "{B420D6BF-AD5E-4E3A-AB15-6DFEF08AF848}"
EndProject
Global
	GlobalSection(SolutionConfigurationPlatforms) = preSolution
		Debug|Any CPU = Debug|Any CPU
		Debug|x64 = Debug|x64
		Debug|x86 = Debug|x86
		Release|Any CPU = Release|Any CPU
		Release|x64 = Release|x64
		Release|x86 = Release|x86
	EndGlobalSection
	GlobalSection(SolutionProperties) = preSolution
		HideSolutionNode = FALSE
	EndGlobalSection
	GlobalSection(ProjectConfigurationPlatforms) = postSolution
		{964A7AB2-790A-4E7B-ACE1-FCF4CEC30EAF}.Debug|Any CPU.ActiveCfg = Debug|Any CPU
		{964A7AB2-790A-4E7B-ACE1-FCF4CEC30EAF}.Debug|Any CPU.Build.0 = Debug|Any CPU
		{964A7AB2-790A-4E7B-ACE1-FCF4CEC30EAF}.Debug|x64.ActiveCfg = Debug|Any CPU
		{964A7AB2-790A-4E7B-ACE1-FCF4CEC30EAF}.Debug|x64.Build.0 = Debug|Any CPU
		{964A7AB2-790A-4E7B-ACE1-FCF4CEC30EAF}.Debug|x86.ActiveCfg = Debug|Any CPU
		{964A7AB2-790A-4E7B-ACE1-FCF4CEC30EAF}.Debug|x86.Build.0 = Debug|Any CPU
		{964A7AB2-790A-4E7B-ACE1-FCF4CEC30EAF}.Release|Any CPU.ActiveCfg = Release|Any CPU
		{964A7AB2-790A-4E7B-ACE1-FCF4CEC30EAF}.Release|Any CPU.Build.0 = Release|Any CPU
		{964A7AB2-790A-4E7B-ACE1-FCF4CEC30EAF}.Release|x64.ActiveCfg = Release|Any CPU
		{964A7AB2-790A-4E7B-ACE1-FCF4CEC30EAF}.Release|x64.Build.0 = Release|Any CPU
		{964A7AB2-790A-4E7B-ACE1-FCF4CEC30EAF}.Release|x86.ActiveCfg = Release|Any CPU
		{964A7AB2-790A-4E7B-ACE1-FCF4CEC30EAF}.Release|x86.Build.0 = Release|Any CPU
		{7DF078A7-2D86-4243-9A23-15FD9E809C5C}.Debug|Any CPU.ActiveCfg = Debug|Any CPU
		{7DF078A7-2D86-4243-9A23-15FD9E809C5C}.Debug|Any CPU.Build.0 = Debug|Any CPU
		{7DF078A7-2D86-4243-9A23-15FD9E809C5C}.Debug|x64.ActiveCfg = Debug|Any CPU
		{7DF078A7-2D86-4243-9A23-15FD9E809C5C}.Debug|x64.Build.0 = Debug|Any CPU
		{7DF078A7-2D86-4243-9A23-15FD9E809C5C}.Debug|x86.ActiveCfg = Debug|Any CPU
		{7DF078A7-2D86-4243-9A23-15FD9E809C5C}.Debug|x86.Build.0 = Debug|Any CPU
		{7DF078A7-2D86-4243-9A23-15FD9E809C5C}.Release|Any CPU.ActiveCfg = Release|Any CPU
		{7DF078A7-2D86-4243-9A23-15FD9E809C5C}.Release|Any CPU.Build.0 = Release|Any CPU
		{7DF078A7-2D86-4243-9A23-15FD9E809C5C}.Release|x64.ActiveCfg = Release|Any CPU
		{7DF078A7-2D86-4243-9A23-15FD9E809C5C}.Release|x64.Build.0 = Release|Any CPU
		{7DF078A7-2D86-4243-9A23-15FD9E809C5C}.Release|x86.ActiveCfg = Release|Any CPU
		{7DF078A7-2D86-4243-9A23-15FD9E809C5C}.Release|x86.Build.0 = Release|Any CPU
		{8BC92C1D-C046-412F-9467-EB846565836E}.Debug|Any CPU.ActiveCfg = Debug|Any CPU
		{8BC92C1D-C046-412F-9467-EB846565836E}.Debug|Any CPU.Build.0 = Debug|Any CPU
		{8BC92C1D-C046-412F-9467-EB846565836E}.Debug|x64.ActiveCfg = Debug|Any CPU
		{8BC92C1D-C046-412F-9467-EB846565836E}.Debug|x64.Build.0 = Debug|Any CPU
		{8BC92C1D-C046-412F-9467-EB846565836E}.Debug|x86.ActiveCfg = Debug|Any CPU
		{8BC92C1D-C046-412F-9467-EB846565836E}.Debug|x86.Build.0 = Debug|Any CPU
		{8BC92C1D-C046-412F-9467-EB846565836E}.Release|Any CPU.ActiveCfg = Release|Any CPU
		{8BC92C1D-C046-412F-9467-EB846565836E}.Release|Any CPU.Build.0 = Release|Any CPU
		{8BC92C1D-C046-412F-9467-EB846565836E}.Release|x64.ActiveCfg = Release|Any CPU
		{8BC92C1D-C046-412F-9467-EB846565836E}.Release|x64.Build.0 = Release|Any CPU
		{8BC92C1D-C046-412F-9467-EB846565836E}.Release|x86.ActiveCfg = Release|Any CPU
		{8BC92C1D-C046-412F-9467-EB846565836E}.Release|x86.Build.0 = Release|Any CPU
		{B420D6BF-AD5E-4E3A-AB15-6DFEF08AF848}.Debug|Any CPU.ActiveCfg = Debug|Any CPU
		{B420D6BF-AD5E-4E3A-AB15-6DFEF08AF848}.Debug|Any CPU.Build.0 = Debug|Any CPU
		{B420D6BF-AD5E-4E3A-AB15-6DFEF08AF848}.Debug|x64.ActiveCfg = Debug|Any CPU
		{B420D6BF-AD5E-4E3A-AB15-6DFEF08AF848}.Debug|x64.Build.0 = Debug|Any CPU
		{B420D6BF-AD5E-4E3A-AB15-6DFEF08AF848}.Debug|x86.ActiveCfg = Debug|Any CPU
		{B420D6BF-AD5E-4E3A-AB15-6DFEF08AF848}.Debug|x86.Build.0 = Debug|Any CPU
		{B420D6BF-AD5E-4E3A-AB15-6DFEF08AF848}.Release|Any CPU.ActiveCfg = Release|Any CPU
		{B420D6BF-AD5E-4E3A-AB15-6DFEF08AF848}.Release|Any CPU.Build.0 = Release|Any CPU
		{B420D6BF-AD5E-4E3A-AB15-6DFEF08AF848}.Release|x64.ActiveCfg = Release|Any CPU
		{B420D6BF-AD5E-4E3A-AB15-6DFEF08AF848}.Release|x64.Build.0 = Release|Any CPU
		{B420D6BF-AD5E-4E3A-AB15-6DFEF08AF848}.Release|x86.ActiveCfg = Release|Any CPU
		{B420D6BF-AD5E-4E3A-AB15-6DFEF08AF848}.Release|x86.Build.0 = Release|Any CPU
	EndGlobalSection
EndGlobal
